
Microsoft Visual Studio Solution File, Format Version 12.00
# Visual Studio Version 16
VisualStudioVersion = 16.0.34601.136
MinimumVisualStudioVersion = 10.0.40219.1
Project("{FAE04EC0-301F-11D3-BF4B-00C04F79EFBC}") = "Assignment", "Assignment\Assignment.csproj", "{89F972BA-141C-4C99-A7BC-AF95E4315499}"
EndProject
Project("{FAE04EC0-301F-11D3-BF4B-00C04F79EFBC}") = "Assinment2", "Assinment2\Assinment2.csproj", "{87155EA3-A5A2-4259-99CA-84A0FF00B5B1}"
EndProject
Project("{FAE04EC0-301F-11D3-BF4B-00C04F79EFBC}") = "Strings", "Strings\Strings.csproj", "{4FB83265-C110-405A-8498-F4597FDB90DD}"
EndProject
Global
	GlobalSection(SolutionConfigurationPlatforms) = preSolution
		Debug|Any CPU = Debug|Any CPU
		Release|Any CPU = Release|Any CPU
	EndGlobalSection
	GlobalSection(ProjectConfigurationPlatforms) = postSolution
		{89F972BA-141C-4C99-A7BC-AF95E4315499}.Debug|Any CPU.ActiveCfg = Debug|Any CPU
		{89F972BA-141C-4C99-A7BC-AF95E4315499}.Debug|Any CPU.Build.0 = Debug|Any CPU
		{89F972BA-141C-4C99-A7BC-AF95E4315499}.Release|Any CPU.ActiveCfg = Release|Any CPU
		{89F972BA-141C-4C99-A7BC-AF95E4315499}.Release|Any CPU.Build.0 = Release|Any CPU
		{87155EA3-A5A2-4259-99CA-84A0FF00B5B1}.Debug|Any CPU.ActiveCfg = Debug|Any CPU
		{87155EA3-A5A2-4259-99CA-84A0FF00B5B1}.Debug|Any CPU.Build.0 = Debug|Any CPU
		{87155EA3-A5A2-4259-99CA-84A0FF00B5B1}.Release|Any CPU.ActiveCfg = Release|Any CPU
		{87155EA3-A5A2-4259-99CA-84A0FF00B5B1}.Release|Any CPU.Build.0 = Release|Any CPU
		{4FB83265-C110-405A-8498-F4597FDB90DD}.Debug|Any CPU.ActiveCfg = Debug|Any CPU
		{4FB83265-C110-405A-8498-F4597FDB90DD}.Debug|Any CPU.Build.0 = Debug|Any CPU
		{4FB83265-C110-405A-8498-F4597FDB90DD}.Release|Any CPU.ActiveCfg = Release|Any CPU
		{4FB83265-C110-405A-8498-F4597FDB90DD}.Release|Any CPU.Build.0 = Release|Any CPU
	EndGlobalSection
	GlobalSection(SolutionProperties) = preSolution
		HideSolutionNode = FALSE
	EndGlobalSection
	GlobalSection(ExtensibilityGlobals) = postSolution
		SolutionGuid = {5B8F1173-4E4E-405E-BE05-B15BDF0E0434}
	EndGlobalSection
EndGlobal
