
Microsoft Visual Studio Solution File, Format Version 12.00
# Visual Studio Version 16
VisualStudioVersion = 16.0.34601.136
MinimumVisualStudioVersion = 10.0.40219.1
Project("{FAE04EC0-301F-11D3-BF4B-00C04F79EFBC}") = "Day4", "Day4\Day4.csproj", "{6E0B2253-3F6B-4B2E-BEF2-5C69ECF4E276}"
EndProject
Project("{FAE04EC0-301F-11D3-BF4B-00C04F79EFBC}") = "Constructor", "Constructor\Constructor.csproj", "{04F1629A-5EB9-4EC2-B0B8-4D7ED600877C}"
EndProject
Global
	GlobalSection(SolutionConfigurationPlatforms) = preSolution
		Debug|Any CPU = Debug|Any CPU
		Release|Any CPU = Release|Any CPU
	EndGlobalSection
	GlobalSection(ProjectConfigurationPlatforms) = postSolution
		{6E0B2253-3F6B-4B2E-BEF2-5C69ECF4E276}.Debug|Any CPU.ActiveCfg = Debug|Any CPU
		{6E0B2253-3F6B-4B2E-BEF2-5C69ECF4E276}.Debug|Any CPU.Build.0 = Debug|Any CPU
		{6E0B2253-3F6B-4B2E-BEF2-5C69ECF4E276}.Release|Any CPU.ActiveCfg = Release|Any CPU
		{6E0B2253-3F6B-4B2E-BEF2-5C69ECF4E276}.Release|Any CPU.Build.0 = Release|Any CPU
		{04F1629A-5EB9-4EC2-B0B8-4D7ED600877C}.Debug|Any CPU.ActiveCfg = Debug|Any CPU
		{04F1629A-5EB9-4EC2-B0B8-4D7ED600877C}.Debug|Any CPU.Build.0 = Debug|Any CPU
		{04F1629A-5EB9-4EC2-B0B8-4D7ED600877C}.Release|Any CPU.ActiveCfg = Release|Any CPU
		{04F1629A-5EB9-4EC2-B0B8-4D7ED600877C}.Release|Any CPU.Build.0 = Release|Any CPU
	EndGlobalSection
	GlobalSection(SolutionProperties) = preSolution
		HideSolutionNode = FALSE
	EndGlobalSection
	GlobalSection(ExtensibilityGlobals) = postSolution
		SolutionGuid = {F7CFD003-B0FB-48C8-9DEF-96D8F2ABCF5E}
	EndGlobalSection
EndGlobal
