
Microsoft Visual Studio Solution File, Format Version 12.00
# Visual Studio Version 16
VisualStudioVersion = 16.0.34601.136
MinimumVisualStudioVersion = 10.0.40219.1
Project("{FAE04EC0-301F-11D3-BF4B-00C04F79EFBC}") = "Day_3", "Day_3\Day_3.csproj", "{5CFA5310-352A-4CF5-8C37-CB0D1E47D978}"
EndProject
Project("{FAE04EC0-301F-11D3-BF4B-00C04F79EFBC}") = "Day3", "..\Day3\Day3\Day3.csproj", "{6B6CF3D0-ADA1-402E-88D4-B5410FF02535}"
EndProject
Global
	GlobalSection(SolutionConfigurationPlatforms) = preSolution
		Debug|Any CPU = Debug|Any CPU
		Release|Any CPU = Release|Any CPU
	EndGlobalSection
	GlobalSection(ProjectConfigurationPlatforms) = postSolution
		{5CFA5310-352A-4CF5-8C37-CB0D1E47D978}.Debug|Any CPU.ActiveCfg = Debug|Any CPU
		{5CFA5310-352A-4CF5-8C37-CB0D1E47D978}.Debug|Any CPU.Build.0 = Debug|Any CPU
		{5CFA5310-352A-4CF5-8C37-CB0D1E47D978}.Release|Any CPU.ActiveCfg = Release|Any CPU
		{5CFA5310-352A-4CF5-8C37-CB0D1E47D978}.Release|Any CPU.Build.0 = Release|Any CPU
		{6B6CF3D0-ADA1-402E-88D4-B5410FF02535}.Debug|Any CPU.ActiveCfg = Debug|Any CPU
		{6B6CF3D0-ADA1-402E-88D4-B5410FF02535}.Debug|Any CPU.Build.0 = Debug|Any CPU
		{6B6CF3D0-ADA1-402E-88D4-B5410FF02535}.Release|Any CPU.ActiveCfg = Release|Any CPU
		{6B6CF3D0-ADA1-402E-88D4-B5410FF02535}.Release|Any CPU.Build.0 = Release|Any CPU
	EndGlobalSection
	GlobalSection(SolutionProperties) = preSolution
		HideSolutionNode = FALSE
	EndGlobalSection
	GlobalSection(ExtensibilityGlobals) = postSolution
		SolutionGuid = {87C7EBC0-9F99-455B-AF4F-E2AACBBCB270}
	EndGlobalSection
EndGlobal
